C:\Users\mikeh\fracto\fracto-tools-ui>
C:\Users\mikeh\fracto\fracto-tools-ui>git status
On branch main
Your branch is up to date with 'origin/main'.

Changes not staged for commit:
(use "git add <file>..." to update what will be committed)
(use "git restore <file>..." to discard changes in working directory)
modified:   src/fracto/MainFieldTools.jsx
modified:   src/fracto/SidebarTools.jsx

Untracked files:
(use "git add <file>..." to include in what will be committed)
src/fracto/mainfield/FieldImages.jsx
src/fracto/mainfield/images/

no changes added to commit (use "git add" and/or "git commit -a")